{
  "name": "kismet.ts-template",
  "version": "1.0.0",
  "lockfileVersion": 2,
  "requires": true,
  "packages": {
    "": {
      "name": "kismet.ts-template",
      "version": "1.0.0",
      "dependencies": {
        "@kismet.ts/core": "^0.1.3",
        "@kismet.ts/items": "^0.1.3"
      },
      "devDependencies": {
        "typescript": "^4.9.4"
      }
    },
    "node_modules/@kismet.ts/core": {
      "version": "0.1.3",
      "resolved": "https://registry.npmjs.org/@kismet.ts/core/-/core-0.1.3.tgz",
      "integrity": "sha512-gW8QVwJXR8zIz8pU3wKdyx6eGI8BYTz7hljz3sqoDGSd25+TEzmGCYyIX/OW/Csr0cD4FtTTAuPxlyj8s5iG/A==",
      "dependencies": {
        "@kismet.ts/shared": "^0.1.4"
      }
    },
    "node_modules/@kismet.ts/items": {
      "version": "0.1.3",
      "resolved": "https://registry.npmjs.org/@kismet.ts/items/-/items-0.1.3.tgz",
      "integrity": "sha512-ha/kL0JZebhmEIYAPyUlhrT8T3zpuKUQbzbnLD8PWfs1xxOS4kvCHHy3q+6QMn2BeTqZIeLAA3+baaGtM2xc6g==",
      "dependencies": {
        "@kismet.ts/core": "^0.1.3",
        "@kismet.ts/shared": "^0.1.4"
      }
    },
    "node_modules/@kismet.ts/shared": {
      "version": "0.1.4",
      "resolved": "https://registry.npmjs.org/@kismet.ts/shared/-/shared-0.1.4.tgz",
      "integrity": "sha512-aUPTUF1TxjRi/3CxoLbjRvbcoP9Idluw314WYp9mfsT3s5zeZa2err5UWZmcTdnKQmZ4PMDns8tHODwp3HSiPw=="
    },
    "node_modules/typescript": {
      "version": "4.9.4",
      "resolved": "https://registry.npmjs.org/typescript/-/typescript-4.9.4.tgz",
      "integrity": "sha512-Uz+dTXYzxXXbsFpM86Wh3dKCxrQqUcVMxwU54orwlJjOpO3ao8L7j5lH+dWfTwgCwIuM9GQ2kvVotzYJMXTBZg==",
      "dev": true,
      "bin": {
        "tsc": "bin/tsc",
        "tsserver": "bin/tsserver"
      },
      "engines": {
        "node": ">=4.2.0"
      }
    }
  },
  "dependencies": {
    "@kismet.ts/core": {
      "version": "0.1.3",
      "resolved": "https://registry.npmjs.org/@kismet.ts/core/-/core-0.1.3.tgz",
      "integrity": "sha512-gW8QVwJXR8zIz8pU3wKdyx6eGI8BYTz7hljz3sqoDGSd25+TEzmGCYyIX/OW/Csr0cD4FtTTAuPxlyj8s5iG/A==",
      "requires": {
        "@kismet.ts/shared": "^0.1.4"
      }
    },
    "@kismet.ts/items": {
      "version": "0.1.3",
      "resolved": "https://registry.npmjs.org/@kismet.ts/items/-/items-0.1.3.tgz",
      "integrity": "sha512-ha/kL0JZebhmEIYAPyUlhrT8T3zpuKUQbzbnLD8PWfs1xxOS4kvCHHy3q+6QMn2BeTqZIeLAA3+baaGtM2xc6g==",
      "requires": {
        "@kismet.ts/core": "^0.1.3",
        "@kismet.ts/shared": "^0.1.4"
      }
    },
    "@kismet.ts/shared": {
      "version": "0.1.4",
      "resolved": "https://registry.npmjs.org/@kismet.ts/shared/-/shared-0.1.4.tgz",
      "integrity": "sha512-aUPTUF1TxjRi/3CxoLbjRvbcoP9Idluw314WYp9mfsT3s5zeZa2err5UWZmcTdnKQmZ4PMDns8tHODwp3HSiPw=="
    },
    "typescript": {
      "version": "4.9.4",
      "resolved": "https://registry.npmjs.org/typescript/-/typescript-4.9.4.tgz",
      "integrity": "sha512-Uz+dTXYzxXXbsFpM86Wh3dKCxrQqUcVMxwU54orwlJjOpO3ao8L7j5lH+dWfTwgCwIuM9GQ2kvVotzYJMXTBZg==",
      "dev": true
    }
  }
}
